
Microsoft Visual Studio Solution File, Format Version 12.00
# Visual Studio 15
Project("{FAE04EC0-301F-11D3-BF4B-00C04F79EFBC}") = "Assembly-CSharp", "Assembly-CSharp.csproj", "{F55379FA-9468-1529-2145-6AFD277B553B}"
EndProject
Global
	GlobalSection(SolutionConfigurationPlatforms) = preSolution
		Debug|Any CPU = Debug|Any CPU
		Release|Any CPU = Release|Any CPU
	EndGlobalSection
	GlobalSection(ProjectConfigurationPlatforms) = postSolution
		{F55379FA-9468-1529-2145-6AFD277B553B}.Debug|Any CPU.ActiveCfg = Debug|Any CPU
		{F55379FA-9468-1529-2145-6AFD277B553B}.Debug|Any CPU.Build.0 = Debug|Any CPU
		{F55379FA-9468-1529-2145-6AFD277B553B}.Release|Any CPU.ActiveCfg = Release|Any CPU
		{F55379FA-9468-1529-2145-6AFD277B553B}.Release|Any CPU.Build.0 = Release|Any CPU
	EndGlobalSection
	GlobalSection(SolutionProperties) = preSolution
		HideSolutionNode = FALSE
	EndGlobalSection
EndGlobal
